{
  "name": "prepros-project",
  "version": "1.0.0",
  "lockfileVersion": 1,
  "requires": true,
  "dependencies": {
    "prehtml_dqc": {
      "version": "1.2.0",
      "resolved": "https://registry.npmjs.org/prehtml_dqc/-/prehtml_dqc-1.2.0.tgz",
      "integrity": "sha1-PPhiNCOj82rx19xMpZrvQ/05Qpo="
    },
    "sublime": {
      "version": "1.2.1",
      "resolved": "https://registry.npmjs.org/sublime/-/sublime-1.2.1.tgz",
      "integrity": "sha1-5J1WmcHsPP5ivph2cypAF11dtrY=",
      "dev": true,
      "requires": {
        "whoami-exec": "^1.2.0"
      }
    },
    "whoami-exec": {
      "version": "1.2.2",
      "resolved": "https://registry.npmjs.org/whoami-exec/-/whoami-exec-1.2.2.tgz",
      "integrity": "sha1-bCisJvVNO71JsvR4vIMUSJ7raZI=",
      "dev": true
    }
  }
}
